
Microsoft Visual Studio Solution File, Format Version 12.00
# Visual Studio Version 17
VisualStudioVersion = 17.7.34031.279
MinimumVisualStudioVersion = 10.0.40219.1
Project("{FAE04EC0-301F-11D3-BF4B-00C04F79EFBC}") = "Gubaidullin41size", "Gubaidullin41size.csproj", "{E3D46F61-4A5A-47EB-985E-F26C0EA9F94C}"
EndProject
Global
	GlobalSection(SolutionConfigurationPlatforms) = preSolution
		Debug|Any CPU = Debug|Any CPU
		Release|Any CPU = Release|Any CPU
	EndGlobalSection
	GlobalSection(ProjectConfigurationPlatforms) = postSolution
		{E3D46F61-4A5A-47EB-985E-F26C0EA9F94C}.Debug|Any CPU.ActiveCfg = Debug|Any CPU
		{E3D46F61-4A5A-47EB-985E-F26C0EA9F94C}.Debug|Any CPU.Build.0 = Debug|Any CPU
		{E3D46F61-4A5A-47EB-985E-F26C0EA9F94C}.Release|Any CPU.ActiveCfg = Release|Any CPU
		{E3D46F61-4A5A-47EB-985E-F26C0EA9F94C}.Release|Any CPU.Build.0 = Release|Any CPU
	EndGlobalSection
	GlobalSection(SolutionProperties) = preSolution
		HideSolutionNode = FALSE
	EndGlobalSection
	GlobalSection(ExtensibilityGlobals) = postSolution
		SolutionGuid = {86AA1575-5A84-40CF-8126-B4A0B936418D}
	EndGlobalSection
EndGlobal
